
Microsoft Visual Studio Solution File, Format Version 12.00
# Visual Studio 15
VisualStudioVersion = 15.0.27130.2024
MinimumVisualStudioVersion = 10.0.40219.1
Project("{9A19103F-16F7-4668-BE54-9A1E7A4F7556}") = "proxy", "proxy\proxy.csproj", "{D4BC85FA-B65F-41C8-AB6E-3975992B41CE}"
EndProject
Project("{FAE04EC0-301F-11D3-BF4B-00C04F79EFBC}") = "proxy.UnitTests", "proxy.UnitTests\proxy.UnitTests.csproj", "{D2CBD5C4-D28B-4E28-9C82-2FC3F2A7F787}"
EndProject
Global
	GlobalSection(SolutionConfigurationPlatforms) = preSolution
		Debug|Any CPU = Debug|Any CPU
		Release|Any CPU = Release|Any CPU
	EndGlobalSection
	GlobalSection(ProjectConfigurationPlatforms) = postSolution
		{D4BC85FA-B65F-41C8-AB6E-3975992B41CE}.Debug|Any CPU.ActiveCfg = Debug|Any CPU
		{D4BC85FA-B65F-41C8-AB6E-3975992B41CE}.Debug|Any CPU.Build.0 = Debug|Any CPU
		{D4BC85FA-B65F-41C8-AB6E-3975992B41CE}.Release|Any CPU.ActiveCfg = Release|Any CPU
		{D4BC85FA-B65F-41C8-AB6E-3975992B41CE}.Release|Any CPU.Build.0 = Release|Any CPU
		{D2CBD5C4-D28B-4E28-9C82-2FC3F2A7F787}.Debug|Any CPU.ActiveCfg = Debug|Any CPU
		{D2CBD5C4-D28B-4E28-9C82-2FC3F2A7F787}.Debug|Any CPU.Build.0 = Debug|Any CPU
		{D2CBD5C4-D28B-4E28-9C82-2FC3F2A7F787}.Release|Any CPU.ActiveCfg = Release|Any CPU
		{D2CBD5C4-D28B-4E28-9C82-2FC3F2A7F787}.Release|Any CPU.Build.0 = Release|Any CPU
	EndGlobalSection
	GlobalSection(SolutionProperties) = preSolution
		HideSolutionNode = FALSE
	EndGlobalSection
	GlobalSection(ExtensibilityGlobals) = postSolution
		SolutionGuid = {2DC8328C-7287-419B-B342-98BB3E9BD6DF}
	EndGlobalSection
EndGlobal
